lockfileVersion: '9.0'

settings:
  autoInstallPeers: true
  excludeLinksFromLockfile: false

importers:

  .:
    dependencies:
      '@fontsource/public-sans':
        specifier: 5.2.7
        version: 5.2.7
      '@popperjs/core':
        specifier: 2.11.8
        version: 2.11.8
      alpinejs:
        specifier: 3.15.12
        version: 3.15.12
      highlight.js:
        specifier: 11.11.1
        version: 11.11.1
      jquery:
        specifier: 4.0.0
        version: 4.0.0
      lunr:
        specifier: 2.3.9
        version: 2.3.9
      material-icons:
        specifier: 1.13.14
        version: 1.13.14
      paho-mqtt:
        specifier: 1.1.0
        version: 1.1.0
      pako:
        specifier: 2.1.0
        version: 2.1.0
      tippy.js:
        specifier: 6.3.7
        version: 6.3.7
      xmlhttprequest:
        specifier: 1.8.0
        version: 1.8.0
    devDependencies:
      '@biomejs/biome':
        specifier: 2.4.16
        version: 2.4.16
      '@types/jquery':
        specifier: 4.0.0
        version: 4.0.0
      esbuild:
        specifier: 0.28.1
        version: 0.28.1
      lefthook:
        specifier: 2.1.9
        version: 2.1.9
      rimraf:
        specifier: 6.1.3
        version: 6.1.3
      sort-package-json:
        specifier: 3.6.1
        version: 3.6.1
      typescript:
        specifier: 6.0.3
        version: 6.0.3

packages:

  '@biomejs/biome@2.4.16':
    resolution: {integrity: sha512-x9ajFh1zChVybCiM3TN6OD4phAqLgtPZjFrZF+aTMYCPjwBO+k529TX7PPsAqtGNLeV4UgzwQnowEgS7bGmzcA==}
    engines: {node: '>=14.21.3'}
    hasBin: true

  '@biomejs/cli-darwin-arm64@2.4.16':
    resolution: {integrity: sha512-wxPvu4XOA85YJk9ixSWUmq/QBHbid85BISbOAqqBM/5xQpPk9ayjk5375tOlSC0BeCwNSbPFafQBm+vBumXq0A==}
    engines: {node: '>=14.21.3'}
    cpu: [arm64]
    os: [darwin]

  '@biomejs/cli-darwin-x64@2.4.16':
    resolution: {integrity: sha512-xFCqGPwYusQJp4N4NJLi1XJiZqjwFdjhT+KqtNy+Ug3qgfczqnTa6MSDvxJF6TkuDLoYJItMapz6tAf7kCekFw==}
    engines: {node: '>=14.21.3'}
    cpu: [x64]
    os: [darwin]

  '@biomejs/cli-linux-arm64-musl@2.4.16':
    resolution: {integrity: sha512-oYxnW0ARfJkr72ezzF2OR8N/rtkgLUQeYtF8cFhVswbknHxtTcmzSsanVJP8yQKnGpGpc2ck6c5zLvHahL6Cbg==}
    engines: {node: '>=14.21.3'}
    cpu: [arm64]
    os: [linux]
    libc: [musl]

  '@biomejs/cli-linux-arm64@2.4.16':
    resolution: {integrity: sha512-2kFb4//jxfZaP6D+Rj5VkHkxgyD9EoRAVBEQb8PKRv+s4NO2zYNJKXFaJmK1CmhufJOWEfpHKaRbOja7qjmdhQ==}
    engines: {node: '>=14.21.3'}
    cpu: [arm64]
    os: [linux]
    libc: [glibc]

  '@biomejs/cli-linux-x64-musl@2.4.16':
    resolution: {integrity: sha512-iHDS+MCM65DPqWGu+ECC3uoALyj2H7F4nVUPxIPjz/PIl94EUu+EDfGZDzFP+NY1EOPVt9NQvwFqq7HdMmowdg==}
    engines: {node: '>=14.21.3'}
    cpu: [x64]
    os: [linux]
    libc: [musl]

  '@biomejs/cli-linux-x64@2.4.16':
    resolution: {integrity: sha512-NbcBbi/nJqn5baae6wqRXdS7Gadf2uRpehSh6vMSYpG8OhkXl/Xg8aorWrJ+9VWqAT5ml90alLvorkpMW0nBwQ==}
    engines: {node: '>=14.21.3'}
    cpu: [x64]
    os: [linux]
    libc: [glibc]

  '@biomejs/cli-win32-arm64@2.4.16':
    resolution: {integrity: sha512-0rgImMsNb5v/chhkIFe3wu7PEFClS6RBAYUijGL9UsYN3PanSaoK24HSSuSJb1pYbYYVjzAyZTl3gtjJ84BM8A==}
    engines: {node: '>=14.21.3'}
    cpu: [arm64]
    os: [win32]

  '@biomejs/cli-win32-x64@2.4.16':
    resolution: {integrity: sha512-Kp85jgoBHa05gix6UIRjfCDiUV3w/8VIdZ247VyyO2gEjaw12WEVhdIjlxp/AMzXxqxQwbxNTDVZ3Mwd2RG5rw==}
    engines: {node: '>=14.21.3'}
    cpu: [x64]
    os: [win32]

  '@esbuild/aix-ppc64@0.28.1':
    resolution: {integrity: sha512-Svl7tq8k/08+p6CXPpRjQ1fKX+1odH/BQbb48fV6fj3CWHhsoIOoY87w1oHXm0qEpkIK3ZfVgp0hed3XBXzXMQ==}
    engines: {node: '>=18'}
    cpu: [ppc64]
    os: [aix]

  '@esbuild/android-arm64@0.28.1':
    resolution: {integrity: sha512-34EGEbCIAgosYz6goLcopX6Mo7NyGv9tfwEM2/7Ce2VcVRk568iSvniGWcUXIy7wEDR1wzolcxcriFVrWYcwBg==}
    engines: {node: '>=18'}
    cpu: [arm64]
    os: [android]

  '@esbuild/android-arm@0.28.1':
    resolution: {integrity: sha512-0k2F129Xdio1TdJfzJ8sy1Q47vUD2NnwdhiAf7drUN1EBTfPf4hsFCtmMgu/6m8JSzsBrlmVjudMBQqOfG8usQ==}
    engines: {node: '>=18'}
    cpu: [arm]
    os: [android]

  '@esbuild/android-x64@0.28.1':
    resolution: {integrity: sha512-dbwY7ltSMDWsRatcRpCnES4F+im88OCUgGZjy52shC7GqHRE/cYlxNbB4Z4UpJswpcc4Qxd2oE/ufM0p61IKng==}
    engines: {node: '>=18'}
    cpu: [x64]
    os: [android]

  '@esbuild/darwin-arm64@0.28.1':
    resolution: {integrity: sha512-TZbWkQY7kvTAXbXUT7uVACR5cMHsDiSz9z7ZKAX/RTq/WJEk3QyRr0wZpNhBDX+/0CtdqUIJlOiodQcta6tY3Q==}
    engines: {node: '>=18'}
    cpu: [arm64]
    os: [darwin]

  '@esbuild/darwin-x64@0.28.1':
    resolution: {integrity: sha512-zfdzgK9ACBNZLI/CyHTOx81SyNbM6YXn7rxSgX97VjyiPl9W1i4Ka4fgKECEoFCKGpvBj5qArWIGgQjOwkgskQ==}
    engines: {node: '>=18'}
    cpu: [x64]
    os: [darwin]

  '@esbuild/freebsd-arm64@0.28.1':
    resolution: {integrity: sha512-wG2EA8ENdEI0qhkSZMjfqrdY+ziCYCPMmtZjjIwOmXFjmyzEHn+UUxk5of+SYsjtfs3VpnlC7QLzSI5hY/rOAw==}
    engines: {node: '>=18'}
    cpu: [arm64]
    os: [freebsd]

  '@esbuild/freebsd-x64@0.28.1':
    resolution: {integrity: sha512-i7dZ9vQgnvSCzi/rYCXNgtF/U+eKZNJBzu3eTQbRgHnM7tNSizLOkRFAl3qzVc/Op/u5YkHHa4pf/3DOYHthLQ==}
    engines: {node: '>=18'}
    cpu: [x64]
    os: [freebsd]

  '@esbuild/linux-arm64@0.28.1':
    resolution: {integrity: sha512-yHs+0uc8+nvEAfAfxrWQKK5peSNzBc4PegcMO0EJ2hT71uA7vB8Ihg2e77R2P7SG5uYjPbHlLLmve4LLLRCf0g==}
    engines: {node: '>=18'}
    cpu: [arm64]
    os: [linux]

  '@esbuild/linux-arm@0.28.1':
    resolution: {integrity: sha512-qVXBOHQS+d5Y722GwJzJUtOLlX7km3CraOaGormF1pDtPd2C/l1SHRPgjLunLGe51Sh5YYWKMFDyV4SxgMQYTQ==}
    engines: {node: '>=18'}
    cpu: [arm]
    os: [linux]

  '@esbuild/linux-ia32@0.28.1':
    resolution: {integrity: sha512-d1z4ZuP0ajrfz/FhGT4vv278rX8KnPPJx8i5+AtK7TYbx9Le9F1hyzurZpkEyjkGa9dUGhQow4C1NmeGvqxN2w==}
    engines: {node: '>=18'}
    cpu: [ia32]
    os: [linux]

  '@esbuild/linux-loong64@0.28.1':
    resolution: {integrity: sha512-M5sRjUVZrkm1OAPR3dlOYzNmN+loZKGVi1VUQGrwuqLcbR6qeAz+famMhjASeH3YVKvZz+zT1jlh/keC3Rj/lg==}
    engines: {node: '>=18'}
    cpu: [loong64]
    os: [linux]

  '@esbuild/linux-mips64el@0.28.1':
    resolution: {integrity: sha512-mRObBZeHh2OxcBFPWE/FjylkRgZdYuiTR3vaTozquCGOH14iP9oN4x4Ge81CoIDYQrXmIxpFumJBu5MtZpnQJQ==}
    engines: {node: '>=18'}
    cpu: [mips64el]
    os: [linux]

  '@esbuild/linux-ppc64@0.28.1':
    resolution: {integrity: sha512-slScBsMAb3GFDcdrCgLwZtPYRoH2H/youv10QiZyRjmsP48fznoveWytSgCI/R0ZcUgpc0ZhIUEx6LHts8yrfQ==}
    engines: {node: '>=18'}
    cpu: [ppc64]
    os: [linux]

  '@esbuild/linux-riscv64@0.28.1':
    resolution: {integrity: sha512-kw0owk1o0GFETUJyW0jc0G4Yzs0BHZn0JDZ8JRT088vjJYX777BAs1fDGxAC+q831qOs2DTC96mNsG2opdfyyQ==}
    engines: {node: '>=18'}
    cpu: [riscv64]
    os: [linux]

  '@esbuild/linux-s390x@0.28.1':
    resolution: {integrity: sha512-/lAIjX8aYFRByhh6L5rYtPEDRqa9de/4V/juOXcta5frjvzXO4/sqEtyytse0g3zZFuWu5cDN0MkLz2qRDD2Ag==}
    engines: {node: '>=18'}
    cpu: [s390x]
    os: [linux]

  '@esbuild/linux-x64@0.28.1':
    resolution: {integrity: sha512-u/anNYF2mmVOEDwLtnQ1wOr3EZ9sTNGLWrsYGYwHWzGA3Si84IOkHXlbWTD1NB+9/1lcnweYKO54uhxZydNzfA==}
    engines: {node: '>=18'}
    cpu: [x64]
    os: [linux]

  '@esbuild/netbsd-arm64@0.28.1':
    resolution: {integrity: sha512-oks0DYbLwWMmaakTsCb+zL4E+aHRVLom9IJZOAthMQEPiQmydXHkziYEsGYRx0uNV/IjEKGAV941JzH02pflqw==}
    engines: {node: '>=18'}
    cpu: [arm64]
    os: [netbsd]

  '@esbuild/netbsd-x64@0.28.1':
    resolution: {integrity: sha512-aeL6lAnN89Hz43Mlh1G8ARasbuoYvSITDEx0tHh5b7jJnHcssqgjy9Yx430GDpmCa6OyrKoS0aNRjKundRizGg==}
    engines: {node: '>=18'}
    cpu: [x64]
    os: [netbsd]

  '@esbuild/openbsd-arm64@0.28.1':
    resolution: {integrity: sha512-MEFJe5C3R8pwXdZ5Y21oo6m7ePiS0d9pWucn99O/wvyJZChoIQKrQDxKrGeW8F5+T0okTHesAmDeiHDTIq0V/Q==}
    engines: {node: '>=18'}
    cpu: [arm64]
    os: [openbsd]

  '@esbuild/openbsd-x64@0.28.1':
    resolution: {integrity: sha512-i/ZLIOafE0Z8cI/XANJAixoJL/uRAoS2xOA3rb0xN+KK0K177cMAsQYkzHtBrtMXAKuAc7HGgcWiZ/sRC1Nxgw==}
    engines: {node: '>=18'}
    cpu: [x64]
    os: [openbsd]

  '@esbuild/openharmony-arm64@0.28.1':
    resolution: {integrity: sha512-ge+Z7EXFNt2BO1oAMsVpiQ8EwndV9i1xXerAeTIK7AtPs3bKFXQM7nlRxDSIUIMeueR1CNXxqztLzdNeReKBJg==}
    engines: {node: '>=18'}
    cpu: [arm64]
    os: [openharmony]

  '@esbuild/sunos-x64@0.28.1':
    resolution: {integrity: sha512-BEjgtECkL3vY+SaSQ6nzVfiALUeFxpawyp8Jmf5PtYhf1Ug40N1h/hxlhts+f1FvSvarEigdxS3BlSMI2PJLcQ==}
    engines: {node: '>=18'}
    cpu: [x64]
    os: [sunos]

  '@esbuild/win32-arm64@0.28.1':
    resolution: {integrity: sha512-lCv9eK/H6ZJWbE7bh2nw54CZ9M2nupBxJcTsdk/QQnWkdSjKGuxmmH8/GWrlT1eMmZfn4dGcCjRte397WqfQXA==}
    engines: {node: '>=18'}
    cpu: [arm64]
    os: [win32]

  '@esbuild/win32-ia32@0.28.1':
    resolution: {integrity: sha512-zvb/mB2bSCoJOpoCBgYKKpX6YM6mJBlBUVUtVj41DlZJVEB6/0CKlRYxP5wWl1C1ILiCoAU5wZZ4q1P3qeS6Eg==}
    engines: {node: '>=18'}
    cpu: [ia32]
    os: [win32]

  '@esbuild/win32-x64@0.28.1':
    resolution: {integrity: sha512-bm4Mowrv+GXMlpWX++EcXw/iLyd1o3+bJkC2DkWXYVvgZCqD/bSj9ctZeAMC3cIxgjRVR2Dufaiu4YPxr5gW1A==}
    engines: {node: '>=18'}
    cpu: [x64]
    os: [win32]

  '@fontsource/public-sans@5.2.7':
    resolution: {integrity: sha512-pVttDr3HvhVIt2x6sZJfZKksNEpq23C1JCHTQwT9KWJdmFRdNeRM8gQftq8uP72sPW+p3Ku9x8HPk2E392DFvg==}

  '@popperjs/core@2.11.8':
    resolution: {integrity: sha512-P1st0aksCrn9sGZhp8GMYwBnQsbvAWsZAX44oXNNvLHGqAOcoVxmjZiohstwQ7SqKnbR47akdNi+uleWD8+g6A==}

  '@types/jquery@4.0.0':
    resolution: {integrity: sha512-Z+to+A2VkaHq1DfI2oSwsoCdhCHMpTSgjWzNcbNlRGYzksDBpPUgEcAL+RQjOBJRaLoEAOHXxqDGBVP+BblBwg==}

  '@vue/reactivity@3.1.5':
    resolution: {integrity: sha512-1tdfLmNjWG6t/CsPldh+foumYFo3cpyCHgBYQ34ylaMsJ+SNHQ1kApMIa8jN+i593zQuaw3AdWH0nJTARzCFhg==}

  '@vue/shared@3.1.5':
    resolution: {integrity: sha512-oJ4F3TnvpXaQwZJNF3ZK+kLPHKarDmJjJ6jyzVNDKH9md1dptjC7lWR//jrGuLdek/U6iltWxqAnYOu8gCiOvA==}

  alpinejs@3.15.12:
    resolution: {integrity: sha512-nJvPAQVNPdZZ0NrExJ/kzQco3ijR8LwvCOadQecllESiqT4NyZ/57sN9V2XyvhlBGAbmlKYgeWZvYdKq99ij/Q==}

  balanced-match@4.0.4:
    resolution: {integrity: sha512-BLrgEcRTwX2o6gGxGOCNyMvGSp35YofuYzw9h1IMTRmKqttAZZVU67bdb9Pr2vUHA8+j3i2tJfjO6C6+4myGTA==}
    engines: {node: 18 || 20 || >=22}

  brace-expansion@5.0.7:
    resolution: {integrity: sha512-7oFy703dxfY3/NLxC1fh2SUCQ0H9rmAY+5EpDVfXjUTTs+HEwR2nYaqLv+GWcTsumwxPfiz6CzCNkwXwBUwqCA==}
    engines: {node: 18 || 20 || >=22}

  detect-indent@7.0.2:
    resolution: {integrity: sha512-y+8xyqdGLL+6sh0tVeHcfP/QDd8gUgbasolJJpY7NgeQGSZ739bDtSiaiDgtoicy+mtYB81dKLxO9xRhCyIB3A==}
    engines: {node: '>=12.20'}

  detect-newline@4.0.1:
    resolution: {integrity: sha512-qE3Veg1YXzGHQhlA6jzebZN2qVf6NX+A7m7qlhCGG30dJixrAQhYOsJjsnBjJkCSmuOPpCk30145fr8FV0bzog==}
    engines: {node: ^12.20.0 || ^14.13.1 || >=16.0.0}

  esbuild@0.28.1:
    resolution: {integrity: sha512-HrJrvZv5ayxBzPfwphOoNzkzOIIlifzk0KJrGK2c8R4+LKpMtpYLQeUdjnwjWv/LZlkH2laZk+4w78pi99D4Vw==}
    engines: {node: '>=18'}
    hasBin: true

  fdir@6.5.0:
    resolution: {integrity: sha512-tIbYtZbucOs0BRGqPJkshJUYdL+SDH7dVM8gjy+ERp3WAUjLEFJE+02kanyHtwjWOnwrKYBiwAmM0p4kLJAnXg==}
    engines: {node: '>=12.0.0'}
    peerDependencies:
      picomatch: ^3 || ^4
    peerDependenciesMeta:
      picomatch:
        optional: true

  git-hooks-list@4.2.1:
    resolution: {integrity: sha512-WNvqJjOxxs/8ZP9+DWdwWJ7cDsd60NHf39XnD82pDVrKO5q7xfPqpkK6hwEAmBa/ZSEE4IOoR75EzbbIuwGlMw==}

  glob@13.0.6:
    resolution: {integrity: sha512-Wjlyrolmm8uDpm/ogGyXZXb1Z+Ca2B8NbJwqBVg0axK9GbBeoS7yGV6vjXnYdGm6X53iehEuxxbyiKp8QmN4Vw==}
    engines: {node: 18 || 20 || >=22}

  highlight.js@11.11.1:
    resolution: {integrity: sha512-Xwwo44whKBVCYoliBQwaPvtd/2tYFkRQtXDWj1nackaV2JPXx3L0+Jvd8/qCJ2p+ML0/XVkJ2q+Mr+UVdpJK5w==}
    engines: {node: '>=12.0.0'}

  is-plain-obj@4.1.0:
    resolution: {integrity: sha512-+Pgi+vMuUNkJyExiMBt5IlFoMyKnr5zhJ4Uspz58WOhBF5QoIZkFyNHIbBAtHwzVAgk5RtndVNsDRN61/mmDqg==}
    engines: {node: '>=12'}

  jquery@4.0.0:
    resolution: {integrity: sha512-TXCHVR3Lb6TZdtw1l3RTLf8RBWVGexdxL6AC8/e0xZKEpBflBsjh9/8LXw+dkNFuOyW9B7iB3O1sP7hS0Kiacg==}

  lefthook-darwin-arm64@2.1.9:
    resolution: {integrity: sha512-119HryNcvr4nqn0wUIrNPgpMEPn9yMQzEcW/lezRsnb56PCJriJB92+MCySPVcWDxJnZef7o0T3jdnPNiSH7Qg==}
    cpu: [arm64]
    os: [darwin]

  lefthook-darwin-x64@2.1.9:
    resolution: {integrity: sha512-dwo5Tke2XcQCM56DGHgFKBfRbJIL6xs2wZ0zG1TUVZgl4t4mQUt6LiZ4V/ZQfYHTZF9qywvXoIlR5N35qOaiVQ==}
    cpu: [x64]
    os: [darwin]

  lefthook-freebsd-arm64@2.1.9:
    resolution: {integrity: sha512-+09PVap6nl6xsaHch5JLtq7WvIR++U1Q2MzA2ai0M4uB/VP3AqrvKqHw6+9hjyKnIH+HHL83uqi77EAY+LaxLA==}
    cpu: [arm64]
    os: [freebsd]

  lefthook-freebsd-x64@2.1.9:
    resolution: {integrity: sha512-8XresjKIYpkE9ARgCtBEZgJZxAU3T4MIqzj4zNy15XRT59I1Us+QdqXTNm+pkZ41Yd2X/nxs2Pkvbq3NWWlIGw==}
    cpu: [x64]
    os: [freebsd]

  lefthook-linux-arm64@2.1.9:
    resolution: {integrity: sha512-1oNIQfwrPe6rgU2KcDM3aF6+hpZDCKx1TmawQKpXUY5gVsbZ7MqX0Sk/1lnnWxqPm+kQQ5f6J2dpFWd+4xH8jg==}
    cpu: [arm64]
    os: [linux]

  lefthook-linux-x64@2.1.9:
    resolution: {integrity: sha512-fT+7Q+BJyGp+CslFQkNXmdFRgyVXsPHPi9NAsDX0a6QOyNnoORByAsvx6zeAKuF5rL3BBgNfho1/v2RuGxGy9w==}
    cpu: [x64]
    os: [linux]

  lefthook-openbsd-arm64@2.1.9:
    resolution: {integrity: sha512-4bVuafBk3dddVNo0+3hMbjcJs4mqYAstxpPMmX2ufkudSTYFNIhWoqwuGVQV/SS/xdcOKJAldW4qayAzed2ysw==}
    cpu: [arm64]
    os: [openbsd]

  lefthook-openbsd-x64@2.1.9:
    resolution: {integrity: sha512-PmPoMmLP/wQQWcQ9u2YH86bTZ3UCfBsxuEmVTEyPU2U8R1qSTp5r/Gs3G8cN5Mxo91XB9oBERtF1n+xD3W6aVA==}
    cpu: [x64]
    os: [openbsd]

  lefthook-windows-arm64@2.1.9:
    resolution: {integrity: sha512-KphfkBKmwBnmolyrdhIl3lrBaOyTcCgXBT2AB/9OHnEXhOLvv5uTCUkrD4YRAxXPtFKq6UvnapIeoL3GZq0bdA==}
    cpu: [arm64]
    os: [win32]

  lefthook-windows-x64@2.1.9:
    resolution: {integrity: sha512-2qlUtkJHZ3MyUxgV5XTEmcrIoNZA07iwaquoswAcqv/1MeBFXlD+O+koFRfrzWng2O5WYEbpJnd8tvaYnV8fTA==}
    cpu: [x64]
    os: [win32]

  lefthook@2.1.9:
    resolution: {integrity: sha512-bwDaIOViTktE8kJLf9jP0p+H2/RDTlFFlc43Am2YgUsX22hI6Sq4RbzsrecwzY5y+MHTipOH7WsmWSEniePHWQ==}
    hasBin: true

  lru-cache@11.5.1:
    resolution: {integrity: sha512-RPimw/7aMdv2oqRrxKwvZXcPfwBrn/JZ2xYcY9Hus/6LaS3VOAKVWKWgNLCFSiOm1ESXinjsDlidVU7JlnCN2A==}
    engines: {node: 20 || >=22}

  lunr@2.3.9:
    resolution: {integrity: sha512-zTU3DaZaF3Rt9rhN3uBMGQD3dD2/vFQqnvZCDv4dl5iOzq2IZQqTxu90r4E5J+nP70J3ilqVCrbho2eWaeW8Ow==}

  material-icons@1.13.14:
    resolution: {integrity: sha512-kZOfc7xCC0rAT8Q3DQixYAeT+tBqZnxkseQtp2bxBxz7q5pMAC+wmit7vJn1g/l7wRU+HEPq23gER4iPjGs5Cg==}

  minimatch@10.2.5:
    resolution: {integrity: sha512-MULkVLfKGYDFYejP07QOurDLLQpcjk7Fw+7jXS2R2czRQzR56yHRveU5NDJEOviH+hETZKSkIk5c+T23GjFUMg==}
    engines: {node: 18 || 20 || >=22}

  minipass@7.1.3:
    resolution: {integrity: sha512-tEBHqDnIoM/1rXME1zgka9g6Q2lcoCkxHLuc7ODJ5BxbP5d4c2Z5cGgtXAku59200Cx7diuHTOYfSBD8n6mm8A==}
    engines: {node: '>=16 || 14 >=14.17'}

  package-json-from-dist@1.0.1:
    resolution: {integrity: sha512-UEZIS3/by4OC8vL3P2dTXRETpebLI2NiI5vIrjaD/5UtrkFX/tNbwjTSRAGC/+7CAo2pIcBaRgWmcBBHcsaCIw==}

  paho-mqtt@1.1.0:
    resolution: {integrity: sha512-KPbL9KAB0ASvhSDbOrZBaccXS+/s7/LIofbPyERww8hM5Ko71GUJQ6Nmg0BWqj8phAIT8zdf/Sd/RftHU9i2HA==}

  pako@2.1.0:
    resolution: {integrity: sha512-w+eufiZ1WuJYgPXbV/PO3NCMEc3xqylkKHzp8bxp1uW4qaSNQUkwmLLEc3kKsfz8lpV1F8Ht3U1Cm+9Srog2ug==}

  path-scurry@2.0.2:
    resolution: {integrity: sha512-3O/iVVsJAPsOnpwWIeD+d6z/7PmqApyQePUtCndjatj/9I5LylHvt5qluFaBT3I5h3r1ejfR056c+FCv+NnNXg==}
    engines: {node: 18 || 20 || >=22}

  picomatch@4.0.4:
    resolution: {integrity: sha512-QP88BAKvMam/3NxH6vj2o21R6MjxZUAd6nlwAS/pnGvN9IVLocLHxGYIzFhg6fUQ+5th6P4dv4eW9jX3DSIj7A==}
    engines: {node: '>=12'}

  rimraf@6.1.3:
    resolution: {integrity: sha512-LKg+Cr2ZF61fkcaK1UdkH2yEBBKnYjTyWzTJT6KNPcSPaiT7HSdhtMXQuN5wkTX0Xu72KQ1l8S42rlmexS2hSA==}
    engines: {node: 20 || >=22}
    hasBin: true

  semver@7.8.5:
    resolution: {integrity: sha512-Y7/KDsb8LjooZpwaqGyulO6DQlksgCncchHGk+sZIY4SBvUocMBEFH5Ur1fI4dV+Jvl0w6cjvucaIi40puRioA==}
    engines: {node: '>=10'}
    hasBin: true

  sort-object-keys@2.1.0:
    resolution: {integrity: sha512-SOiEnthkJKPv2L6ec6HMwhUcN0/lppkeYuN1x63PbyPRrgSPIuBJCiYxYyvWRTtjMlOi14vQUCGUJqS6PLVm8g==}

  sort-package-json@3.6.1:
    resolution: {integrity: sha512-Chgejw1+10p2D0U2tB7au1lHtz6TkFnxmvZktyBCRyV0GgmF6nl1IxXxAsPtJVsUyg/fo+BfCMAVVFUVRkAHrQ==}
    engines: {node: '>=20'}
    hasBin: true

  tinyglobby@0.2.17:
    resolution: {integrity: sha512-wXR/dYpcqKmfWpEdZjiKJOwCNFndD0DMnrW/cYjVGttEkBfVgcLFHoNrlj47mjOVic9yyNu65alsgF4NQyTa2g==}
    engines: {node: '>=12.0.0'}

  tippy.js@6.3.7:
    resolution: {integrity: sha512-E1d3oP2emgJ9dRQZdf3Kkn0qJgI6ZLpyS5z6ZkY1DF3kaQaBsGZsndEpHwx+eC+tYM41HaSNvNtLx8tU57FzTQ==}

  typescript@6.0.3:
    resolution: {integrity: sha512-y2TvuxSZPDyQakkFRPZHKFm+KKVqIisdg9/CZwm9ftvKXLP8NRWj38/ODjNbr43SsoXqNuAisEf1GdCxqWcdBw==}
    engines: {node: '>=14.17'}
    hasBin: true

  xmlhttprequest@1.8.0:
    resolution: {integrity: sha512-58Im/U0mlVBLM38NdZjHyhuMtCqa61469k2YP/AaPbvCoV9aQGUpbJBj1QRm2ytRiVQBD/fsw7L2bJGDVQswBA==}
    engines: {node: '>=0.4.0'}

snapshots:

  '@biomejs/biome@2.4.16':
    optionalDependencies:
      '@biomejs/cli-darwin-arm64': 2.4.16
      '@biomejs/cli-darwin-x64': 2.4.16
      '@biomejs/cli-linux-arm64': 2.4.16
      '@biomejs/cli-linux-arm64-musl': 2.4.16
      '@biomejs/cli-linux-x64': 2.4.16
      '@biomejs/cli-linux-x64-musl': 2.4.16
      '@biomejs/cli-win32-arm64': 2.4.16
      '@biomejs/cli-win32-x64': 2.4.16

  '@biomejs/cli-darwin-arm64@2.4.16':
    optional: true

  '@biomejs/cli-darwin-x64@2.4.16':
    optional: true

  '@biomejs/cli-linux-arm64-musl@2.4.16':
    optional: true

  '@biomejs/cli-linux-arm64@2.4.16':
    optional: true

  '@biomejs/cli-linux-x64-musl@2.4.16':
    optional: true

  '@biomejs/cli-linux-x64@2.4.16':
    optional: true

  '@biomejs/cli-win32-arm64@2.4.16':
    optional: true

  '@biomejs/cli-win32-x64@2.4.16':
    optional: true

  '@esbuild/aix-ppc64@0.28.1':
    optional: true

  '@esbuild/android-arm64@0.28.1':
    optional: true

  '@esbuild/android-arm@0.28.1':
    optional: true

  '@esbuild/android-x64@0.28.1':
    optional: true

  '@esbuild/darwin-arm64@0.28.1':
    optional: true

  '@esbuild/darwin-x64@0.28.1':
    optional: true

  '@esbuild/freebsd-arm64@0.28.1':
    optional: true

  '@esbuild/freebsd-x64@0.28.1':
    optional: true

  '@esbuild/linux-arm64@0.28.1':
    optional: true

  '@esbuild/linux-arm@0.28.1':
    optional: true

  '@esbuild/linux-ia32@0.28.1':
    optional: true

  '@esbuild/linux-loong64@0.28.1':
    optional: true

  '@esbuild/linux-mips64el@0.28.1':
    optional: true

  '@esbuild/linux-ppc64@0.28.1':
    optional: true

  '@esbuild/linux-riscv64@0.28.1':
    optional: true

  '@esbuild/linux-s390x@0.28.1':
    optional: true

  '@esbuild/linux-x64@0.28.1':
    optional: true

  '@esbuild/netbsd-arm64@0.28.1':
    optional: true

  '@esbuild/netbsd-x64@0.28.1':
    optional: true

  '@esbuild/openbsd-arm64@0.28.1':
    optional: true

  '@esbuild/openbsd-x64@0.28.1':
    optional: true

  '@esbuild/openharmony-arm64@0.28.1':
    optional: true

  '@esbuild/sunos-x64@0.28.1':
    optional: true

  '@esbuild/win32-arm64@0.28.1':
    optional: true

  '@esbuild/win32-ia32@0.28.1':
    optional: true

  '@esbuild/win32-x64@0.28.1':
    optional: true

  '@fontsource/public-sans@5.2.7': {}

  '@popperjs/core@2.11.8': {}

  '@types/jquery@4.0.0': {}

  '@vue/reactivity@3.1.5':
    dependencies:
      '@vue/shared': 3.1.5

  '@vue/shared@3.1.5': {}

  alpinejs@3.15.12:
    dependencies:
      '@vue/reactivity': 3.1.5

  balanced-match@4.0.4: {}

  brace-expansion@5.0.7:
    dependencies:
      balanced-match: 4.0.4

  detect-indent@7.0.2: {}

  detect-newline@4.0.1: {}

  esbuild@0.28.1:
    optionalDependencies:
      '@esbuild/aix-ppc64': 0.28.1
      '@esbuild/android-arm': 0.28.1
      '@esbuild/android-arm64': 0.28.1
      '@esbuild/android-x64': 0.28.1
      '@esbuild/darwin-arm64': 0.28.1
      '@esbuild/darwin-x64': 0.28.1
      '@esbuild/freebsd-arm64': 0.28.1
      '@esbuild/freebsd-x64': 0.28.1
      '@esbuild/linux-arm': 0.28.1
      '@esbuild/linux-arm64': 0.28.1
      '@esbuild/linux-ia32': 0.28.1
      '@esbuild/linux-loong64': 0.28.1
      '@esbuild/linux-mips64el': 0.28.1
      '@esbuild/linux-ppc64': 0.28.1
      '@esbuild/linux-riscv64': 0.28.1
      '@esbuild/linux-s390x': 0.28.1
      '@esbuild/linux-x64': 0.28.1
      '@esbuild/netbsd-arm64': 0.28.1
      '@esbuild/netbsd-x64': 0.28.1
      '@esbuild/openbsd-arm64': 0.28.1
      '@esbuild/openbsd-x64': 0.28.1
      '@esbuild/openharmony-arm64': 0.28.1
      '@esbuild/sunos-x64': 0.28.1
      '@esbuild/win32-arm64': 0.28.1
      '@esbuild/win32-ia32': 0.28.1
      '@esbuild/win32-x64': 0.28.1

  fdir@6.5.0(picomatch@4.0.4):
    optionalDependencies:
      picomatch: 4.0.4

  git-hooks-list@4.2.1: {}

  glob@13.0.6:
    dependencies:
      minimatch: 10.2.5
      minipass: 7.1.3
      path-scurry: 2.0.2

  highlight.js@11.11.1: {}

  is-plain-obj@4.1.0: {}

  jquery@4.0.0: {}

  lefthook-darwin-arm64@2.1.9:
    optional: true

  lefthook-darwin-x64@2.1.9:
    optional: true

  lefthook-freebsd-arm64@2.1.9:
    optional: true

  lefthook-freebsd-x64@2.1.9:
    optional: true

  lefthook-linux-arm64@2.1.9:
    optional: true

  lefthook-linux-x64@2.1.9:
    optional: true

  lefthook-openbsd-arm64@2.1.9:
    optional: true

  lefthook-openbsd-x64@2.1.9:
    optional: true

  lefthook-windows-arm64@2.1.9:
    optional: true

  lefthook-windows-x64@2.1.9:
    optional: true

  lefthook@2.1.9:
    optionalDependencies:
      lefthook-darwin-arm64: 2.1.9
      lefthook-darwin-x64: 2.1.9
      lefthook-freebsd-arm64: 2.1.9
      lefthook-freebsd-x64: 2.1.9
      lefthook-linux-arm64: 2.1.9
      lefthook-linux-x64: 2.1.9
      lefthook-openbsd-arm64: 2.1.9
      lefthook-openbsd-x64: 2.1.9
      lefthook-windows-arm64: 2.1.9
      lefthook-windows-x64: 2.1.9

  lru-cache@11.5.1: {}

  lunr@2.3.9: {}

  material-icons@1.13.14: {}

  minimatch@10.2.5:
    dependencies:
      brace-expansion: 5.0.7

  minipass@7.1.3: {}

  package-json-from-dist@1.0.1: {}

  paho-mqtt@1.1.0: {}

  pako@2.1.0: {}

  path-scurry@2.0.2:
    dependencies:
      lru-cache: 11.5.1
      minipass: 7.1.3

  picomatch@4.0.4: {}

  rimraf@6.1.3:
    dependencies:
      glob: 13.0.6
      package-json-from-dist: 1.0.1

  semver@7.8.5: {}

  sort-object-keys@2.1.0: {}

  sort-package-json@3.6.1:
    dependencies:
      detect-indent: 7.0.2
      detect-newline: 4.0.1
      git-hooks-list: 4.2.1
      is-plain-obj: 4.1.0
      semver: 7.8.5
      sort-object-keys: 2.1.0
      tinyglobby: 0.2.17

  tinyglobby@0.2.17:
    dependencies:
      fdir: 6.5.0(picomatch@4.0.4)
      picomatch: 4.0.4

  tippy.js@6.3.7:
    dependencies:
      '@popperjs/core': 2.11.8

  typescript@6.0.3: {}

  xmlhttprequest@1.8.0: {}
